dependencies:
  espp/base_component:
    component_hash: 01a3fc5a70fa56eb5ce37b4fbc94e7cb27402df0fb61327db872fb96f49f81bd
    dependencies:
    - name: espp/logger
      registry_url: https://components.espressif.com
      require: private
      version: '>=1.0'
    - name: idf
      require: private
      version: '>=5.0'
    source:
      registry_url: https://components.espressif.com
      type: service
    version: 1.0.7
  espp/base_peripheral:
    component_hash: e956923883ac06ad40913dde3b29ae497e5a21ceabc42538a92c0adde423fdf9
    dependencies:
    - name: espp/base_component
      registry_url: https://components.espressif.com
      require: private
      version: '>=1.0'
    - name: idf
      require: private
      version: '>=5.0'
    source:
      registry_url: https://components.espressif.com
      type: service
    version: 1.0.7
  espp/button:
    component_hash: 032d53e90d3878b2770cd9ed30124e0ff6d10cf1bf4875d925fa1b601a6e1575
    dependencies:
    - name: espp/interrupt
      registry_url: https://components.espressif.com
      require: private
      version: '>=1.0'
    - name: idf
      require: private
      version: '>=5.0'
    source:
      registry_url: https://components.espressif.com/
      type: service
    version: 1.0.7
  espp/cli:
    component_hash: ab575c9f33663874d9588a9922e4bb7881d287ae3e8933b1b80d4e41a557c83d
    dependencies:
    - name: espp/logger
      registry_url: https://components.espressif.com
      require: private
      version: '>=1.0'
    - name: idf
      require: private
      version: '>=5.0'
    source:
      registry_url: https://components.espressif.com
      type: service
    version: 1.0.7
  espp/codec:
    component_hash: 722fb02fcb5f2ee3b3d1fe79df64c4c44c9a31532699fbd58dd01e9886b4d958
    dependencies:
    - name: idf
      require: private
      version: '>=5.0'
    source:
      registry_url: https://components.espressif.com
      type: service
    version: 1.0.7
  espp/display:
    component_hash: ef7145ac005a56d947f022b60f79edcb4bf3da6b8242b4ee584377b7844ac271
    dependencies:
    - name: espp/base_component
      registry_url: https://components.espressif.com
      require: private
      version: '>=1.0'
    - name: espp/led
      registry_url: https://components.espressif.com
      require: private
      version: '>=1.0'
    - name: espp/task
      registry_url: https://components.espressif.com
      require: private
      version: '>=1.0'
    - name: idf
      require: private
      version: '>=5.0'
    - name: lvgl/lvgl
      registry_url: https://components.espressif.com
      require: private
      version: '>=9.2.2'
    source:
      registry_url: https://components.espressif.com/
      type: service
    version: 1.0.7
  espp/display_drivers:
    component_hash: 220e917c6ae88e38355189c712cb894bb7f36cbd3a9f9858d2db76057da616fd
    dependencies:
    - name: espp/display
      registry_url: https://components.espressif.com
      require: private
      version: '>=1.0'
    - name: espp/led
      registry_url: https://components.espressif.com
      require: private
      version: '>=1.0'
    - name: idf
      require: private
      version: '>=5.0'
    source:
      registry_url: https://components.espressif.com
      type: service
    version: 1.0.7
  espp/esp-box:
    component_hash: 5934079f2d3c828ef9e87126ccc88e5ca2b6c055f6e90c2d18f7d37ddf9cd562
    dependencies:
    - name: espp/base_component
      registry_url: https://components.espressif.com
      require: private
      version: '>=1.0'
    - name: espp/codec
      registry_url: https://components.espressif.com
      require: private
      version: '>=1.0'
    - name: espp/display
      registry_url: https://components.espressif.com
      require: private
      version: '>=1.0'
    - name: espp/display_drivers
      registry_url: https://components.espressif.com
      require: private
      version: '>=1.0'
    - name: espp/gt911
      registry_url: https://components.espressif.com
      require: private
      version: '>=1.0'
    - name: espp/i2c
      registry_url: https://components.espressif.com
      require: private
      version: '>=1.0'
    - name: espp/icm42607
      registry_url: https://components.espressif.com
      require: private
      version: '>=1.0'
    - name: espp/input_drivers
      registry_url: https://components.espressif.com
      require: private
      version: '>=1.0'
    - name: espp/interrupt
      registry_url: https://components.espressif.com
      require: private
      version: '>=1.0'
    - name: espp/task
      registry_url: https://components.espressif.com
      require: private
      version: '>=1.0'
    - name: espp/tt21100
      registry_url: https://components.espressif.com
      require: private
      version: '>=1.0'
    - name: idf
      require: private
      version: '>=5.0'
    source:
      registry_url: https://components.espressif.com/
      type: service
    version: 1.0.7
  espp/format:
    component_hash: a2a180d2603d6885c25babff12a1148eaafae3a2e439ae58d04dcb91eb4a6d11
    dependencies:
    - name: idf
      require: private
      version: '>=5.0'
    source:
      registry_url: https://components.espressif.com
      type: service
    version: 1.0.7
  espp/gt911:
    component_hash: e9ede7fa4ef7c871d252f9ee5d0f31d0d8946c287286ac83d8b64c53500d0c8b
    dependencies:
    - name: espp/base_peripheral
      registry_url: https://components.espressif.com
      require: private
      version: '>=1.0'
    - name: idf
      require: private
      version: '>=5.0'
    source:
      registry_url: https://components.espressif.com
      type: service
    version: 1.0.7
  espp/i2c:
    component_hash: 6bb49048c94d28416bab9cbaa6db44981a0cd9098375bf4c317d6825bae5456b
    dependencies:
    - name: espp/base_component
      registry_url: https://components.espressif.com
      require: private
      version: '>=1.0'
    - name: espp/cli
      registry_url: https://components.espressif.com
      require: private
      version: '>=1.0'
    - name: espp/task
      registry_url: https://components.espressif.com
      require: private
      version: '>=1.0'
    - name: idf
      require: private
      version: '>=5.0'
    source:
      registry_url: https://components.espressif.com
      type: service
    version: 1.0.7
  espp/icm42607:
    component_hash: c5c653c6423cdb890c845c6d8627b637b25457c132258cf5f0f98f65f3ff3a32
    dependencies:
    - name: espp/base_peripheral
      registry_url: https://components.espressif.com
      require: private
      version: '>=1.0'
    - name: espp/math
      registry_url: https://components.espressif.com
      require: private
      version: '>=1.0'
    - name: idf
      require: private
      version: '>=5.0'
    source:
      registry_url: https://components.espressif.com
      type: service
    version: 1.0.7
  espp/input_drivers:
    component_hash: c41c77b36f47bc0f1696f522f233a44ab7abd13597e58af6912ada91473dc007
    dependencies:
    - name: espp/base_component
      registry_url: https://components.espressif.com
      require: private
      version: '>=1.0'
    - name: idf
      require: private
      version: '>=5.0'
    - name: lvgl/lvgl
      registry_url: https://components.espressif.com
      require: private
      version: '>=9.2.2'
    source:
      registry_url: https://components.espressif.com
      type: service
    version: 1.0.7
  espp/interrupt:
    component_hash: 0162f1b0be8c998ff62b1696f0d9d2df12f3713ebbcc40e19cad12999eb149f1
    dependencies:
    - name: espp/base_component
      registry_url: https://components.espressif.com
      require: private
      version: '>=1.0'
    - name: espp/task
      registry_url: https://components.espressif.com
      require: private
      version: '>=1.0'
    - name: idf
      require: private
      version: '>=5.0'
    source:
      registry_url: https://components.espressif.com
      type: service
    version: 1.0.7
  espp/led:
    component_hash: a30ca9078b3b5fc30e3525106035becec2ed554551c348982b178474bdb6022c
    dependencies:
    - name: espp/base_component
      registry_url: https://components.espressif.com
      require: private
      version: '>=1.0'
    - name: espp/task
      registry_url: https://components.espressif.com
      require: private
      version: '>=1.0'
    - name: idf
      require: private
      version: '>=5.0'
    source:
      registry_url: https://components.espressif.com
      type: service
    version: 1.0.7
  espp/logger:
    component_hash: 789aa33f59405fd285fc3e7ab9609a1a53b70985463a01c1338181485d7ae8f5
    dependencies:
    - name: espp/format
      registry_url: https://components.espressif.com
      require: private
      version: '>=1.0'
    - name: idf
      require: private
      version: '>=5.0'
    source:
      registry_url: https://components.espressif.com
      type: service
    version: 1.0.7
  espp/math:
    component_hash: 9a937f71150b6828bdb291487b011e8c9dcbab89798384a5a7a17eb7e407fa2d
    dependencies:
    - name: espp/format
      registry_url: https://components.espressif.com
      require: private
      version: '>=1.0'
    - name: idf
      require: private
      version: '>=5.0'
    source:
      registry_url: https://components.espressif.com
      type: service
    version: 1.0.7
  espp/monitor:
    component_hash: 10ba241995a9a795f2a0cf83c931378367cd6bc156ed6ebfef962a715044b046
    dependencies:
    - name: espp/base_component
      registry_url: https://components.espressif.com
      require: private
      version: '>=1.0'
    - name: espp/task
      registry_url: https://components.espressif.com
      require: private
      version: '>=1.0'
    - name: idf
      require: private
      version: '>=5.0'
    source:
      registry_url: https://components.espressif.com/
      type: service
    version: 1.0.7
  espp/nvs:
    component_hash: ff7d5447ee6ccc5bbaef78bb17218e7fbb4e3c4e7941cc071289625fefc9b3b6
    dependencies:
    - name: espp/base_component
      registry_url: https://components.espressif.com
      require: private
      version: '>=1.0'
    - name: idf
      require: private
      version: '>=5.0'
    source:
      registry_url: https://components.espressif.com/
      type: service
    version: 1.0.7
  espp/rtsp:
    component_hash: 0ccf374b03ddcfa7b9a95c673b48d213bb59d0f690aadd3966d3fe431a3597dd
    dependencies:
    - name: espp/base_component
      registry_url: https://components.espressif.com
      require: private
      version: '>=1.0'
    - name: espp/socket
      registry_url: https://components.espressif.com
      require: private
      version: '>=1.0'
    - name: espp/task
      registry_url: https://components.espressif.com
      require: private
      version: '>=1.0'
    - name: idf
      require: private
      version: '>=5.0'
    source:
      registry_url: https://components.espressif.com/
      type: service
    version: 1.0.7
  espp/socket:
    component_hash: 1995ad784c94abd90fe1b7bf24677807a9537aa30f71fc877786a22a682b2912
    dependencies:
    - name: espp/base_component
      registry_url: https://components.espressif.com
      require: private
      version: '>=1.0'
    - name: espp/task
      registry_url: https://components.espressif.com
      require: private
      version: '>=1.0'
    - name: idf
      require: private
      version: '>=5.0'
    source:
      registry_url: https://components.espressif.com/
      type: service
    version: 1.0.7
  espp/t-deck:
    component_hash: bb1099c7cf9370fdfd90852479cd9b88d2621b540fdb280cb2671610cea94735
    dependencies:
    - name: espp/i2c
      registry_url: https://components.espressif.com
      require: private
      version: '>=1.0'
    - name: espp/input_drivers
      registry_url: https://components.espressif.com
      require: private
      version: '>=1.0'
    - name: espp/interrupt
      registry_url: https://components.espressif.com
      require: private
      version: '>=1.0'
    - name: espp/t_keyboard
      registry_url: https://components.espressif.com
      require: private
      version: '>=1.0'
    - name: espp/task
      registry_url: https://components.espressif.com
      require: private
      version: '>=1.0'
    - name: idf
      require: private
      version: '>=5.0'
    - name: espp/base_component
      registry_url: https://components.espressif.com
      require: private
      version: '>=1.0'
    - name: espp/display
      registry_url: https://components.espressif.com
      require: private
      version: '>=1.0'
    - name: espp/display_drivers
      registry_url: https://components.espressif.com
      require: private
      version: '>=1.0'
    - name: espp/gt911
      registry_url: https://components.espressif.com
      require: private
      version: '>=1.0'
    source:
      registry_url: https://components.espressif.com/
      type: service
    version: 1.0.7
  espp/t_keyboard:
    component_hash: b9409e6ffdb3f09f4876d8f3007bc8177e61d84183479d4209a8df31b878717d
    dependencies:
    - name: espp/base_peripheral
      registry_url: https://components.espressif.com
      require: private
      version: '>=1.0'
    - name: idf
      require: private
      version: '>=5.0'
    source:
      registry_url: https://components.espressif.com
      type: service
    version: 1.0.7
  espp/task:
    component_hash: e3cf0cb67c9103a5311105489de38537faf2728ee76c3744edbdc0ee8a542b21
    dependencies:
    - name: espp/base_component
      registry_url: https://components.espressif.com
      require: private
      version: '>=1.0'
    - name: idf
      require: private
      version: '>=5.0'
    source:
      registry_url: https://components.espressif.com/
      type: service
    version: 1.0.7
  espp/tt21100:
    component_hash: eaf45fcba6bcb214b95fb82341f4a5bdfffc290657b4d597f30acfc6ddb94d6d
    dependencies:
    - name: espp/base_peripheral
      registry_url: https://components.espressif.com
      require: private
      version: '>=1.0'
    - name: idf
      require: private
      version: '>=5.0'
    source:
      registry_url: https://components.espressif.com
      type: service
    version: 1.0.7
  espp/wifi:
    component_hash: b864baee9d2c7edc95334d2a66a86acfbf159a12cae2539951c2075e28086766
    dependencies:
    - name: espp/base_component
      registry_url: https://components.espressif.com
      require: private
      version: '>=1.0'
    - name: idf
      require: private
      version: '>=5.0'
    source:
      registry_url: https://components.espressif.com/
      type: service
    version: 1.0.7
  espressif/mdns:
    component_hash: 3ec0af5f6bce310512e90f482388d21cc7c0e99668172d2f895356165fc6f7c5
    dependencies:
    - name: idf
      require: private
      version: '>=5.0'
    source:
      registry_url: https://components.espressif.com/
      type: service
    version: 1.8.2
  idf:
    source:
      type: idf
    version: 5.4.1
  lvgl/lvgl:
    component_hash: b702d642e03e95928046d5c6726558e6444e112420c77efa5fdb6650b0a13c5d
    dependencies: []
    source:
      registry_url: https://components.espressif.com
      type: service
    version: 9.3.0
direct_dependencies:
- espp/button
- espp/display
- espp/esp-box
- espp/monitor
- espp/nvs
- espp/rtsp
- espp/socket
- espp/t-deck
- espp/task
- espp/wifi
- espressif/mdns
- idf
manifest_hash: e3e6ec9b6a5e43df0b4944237880c6c166882e269ae4ebfff7a5cfe8b1509732
target: esp32s3
version: 2.0.0
